
Microsoft Visual Studio Solution File, Format Version 12.00
# Visual Studio Version 17
VisualStudioVersion = 17.10.34928.147
MinimumVisualStudioVersion = 10.0.40219.1
Project("{FAE04EC0-301F-11D3-BF4B-00C04F79EFBC}") = "PROG6212-POE-Part-1", "PROG6212-POE-Part-1\PROG6212-POE-Part-1.csproj", "{C6DB793D-C05A-45FE-8977-65C4C02CCE29}"
EndProject
Global
	GlobalSection(SolutionConfigurationPlatforms) = preSolution
		Debug|Any CPU = Debug|Any CPU
		Release|Any CPU = Release|Any CPU
	EndGlobalSection
	GlobalSection(ProjectConfigurationPlatforms) = postSolution
		{C6DB793D-C05A-45FE-8977-65C4C02CCE29}.Debug|Any CPU.ActiveCfg = Debug|Any CPU
		{C6DB793D-C05A-45FE-8977-65C4C02CCE29}.Debug|Any CPU.Build.0 = Debug|Any CPU
		{C6DB793D-C05A-45FE-8977-65C4C02CCE29}.Release|Any CPU.ActiveCfg = Release|Any CPU
		{C6DB793D-C05A-45FE-8977-65C4C02CCE29}.Release|Any CPU.Build.0 = Release|Any CPU
	EndGlobalSection
	GlobalSection(SolutionProperties) = preSolution
		HideSolutionNode = FALSE
	EndGlobalSection
	GlobalSection(ExtensibilityGlobals) = postSolution
		SolutionGuid = {D58E4095-98DE-4E07-8309-60EFBAB2DCEF}
	EndGlobalSection
EndGlobal
